
Microsoft Visual Studio Solution File, Format Version 12.00
# Visual Studio Version 16
VisualStudioVersion = 16.0.33130.400
MinimumVisualStudioVersion = 10.0.40219.1
Project("{FAE04EC0-301F-11D3-BF4B-00C04F79EFBC}") = "zadanie1", "zadanie1\zadanie1.csproj", "{89108908-1FD0-4F54-9CFC-EED77D7A52A3}"
EndProject
Global
	GlobalSection(SolutionConfigurationPlatforms) = preSolution
		Debug|Any CPU = Debug|Any CPU
		Release|Any CPU = Release|Any CPU
	EndGlobalSection
	GlobalSection(ProjectConfigurationPlatforms) = postSolution
		{89108908-1FD0-4F54-9CFC-EED77D7A52A3}.Debug|Any CPU.ActiveCfg = Debug|Any CPU
		{89108908-1FD0-4F54-9CFC-EED77D7A52A3}.Debug|Any CPU.Build.0 = Debug|Any CPU
		{89108908-1FD0-4F54-9CFC-EED77D7A52A3}.Release|Any CPU.ActiveCfg = Release|Any CPU
		{89108908-1FD0-4F54-9CFC-EED77D7A52A3}.Release|Any CPU.Build.0 = Release|Any CPU
	EndGlobalSection
	GlobalSection(SolutionProperties) = preSolution
		HideSolutionNode = FALSE
	EndGlobalSection
	GlobalSection(ExtensibilityGlobals) = postSolution
		SolutionGuid = {BC094FE7-104B-4816-98D2-2D40FF18D940}
	EndGlobalSection
EndGlobal
